{
  "nodes": {
    "clash-compiler": {
      "flake": false,
      "locked": {
        "lastModified": 1772314381,
        "narHash": "sha256-9l7IPULoAmzin/U8eblCSht92+Owe56hwlMuU0URHoE=",
        "owner": "clash-lang",
        "repo": "clash-compiler",
        "rev": "1b2722983a561074598e4928105780d28bd7d0ac",
        "type": "github"
      },
      "original": {
        "owner": "clash-lang",
        "repo": "clash-compiler",
        "type": "github"
      }
    },
    "ecpprog": {
      "inputs": {
        "flake-utils": "flake-utils",
        "nixpkgs": "nixpkgs"
      },
      "locked": {
        "lastModified": 1726677369,
        "narHash": "sha256-FraBZo+I5zkYpCbYs7ACT1l57tu9m5jAgTwu8yfY0HM=",
        "owner": "diegodiv",
        "repo": "ecpprog",
        "rev": "1f4579e81df8522a2f0bf143c7e3a44ef99ddad0",
        "type": "github"
      },
      "original": {
        "owner": "diegodiv",
        "repo": "ecpprog",
        "type": "github"
      }
    },
    "flake-utils": {
      "inputs": {
        "systems": "systems"
      },
      "locked": {
        "lastModified": 1726560853,
        "narHash": "sha256-X6rJYSESBVr3hBoH0WbKE5KvhPU5bloyZ2L4K60/fPQ=",
        "owner": "numtide",
        "repo": "flake-utils",
        "rev": "c1dfcf08411b08f6b8615f7d8971a2bfa81d5e8a",
        "type": "github"
      },
      "original": {
        "owner": "numtide",
        "repo": "flake-utils",
        "type": "github"
      }
    },
    "flake-utils_2": {
      "inputs": {
        "systems": "systems_2"
      },
      "locked": {
        "lastModified": 1731533236,
        "narHash": "sha256-l0KFg5HjrsfsO/JpG+r7fRrqm12kzFHyUHqHCVpMMbI=",
        "owner": "numtide",
        "repo": "flake-utils",
        "rev": "11707dc2f618dd54ca8739b309ec4fc024de578b",
        "type": "github"
      },
      "original": {
        "owner": "numtide",
        "repo": "flake-utils",
        "type": "github"
      }
    },
    "flake-utils_3": {
      "inputs": {
        "systems": "systems_3"
      },
      "locked": {
        "lastModified": 1731533236,
        "narHash": "sha256-l0KFg5HjrsfsO/JpG+r7fRrqm12kzFHyUHqHCVpMMbI=",
        "owner": "numtide",
        "repo": "flake-utils",
        "rev": "11707dc2f618dd54ca8739b309ec4fc024de578b",
        "type": "github"
      },
      "original": {
        "owner": "numtide",
        "repo": "flake-utils",
        "type": "github"
      }
    },
    "ghc-tcplugin-api": {
      "flake": false,
      "locked": {
        "lastModified": 1768388673,
        "narHash": "sha256-3RriTela4iwbvHhF3UigmBOfxJv0+YQGAlXQbnXsX74=",
        "owner": "sheaf",
        "repo": "ghc-tcplugin-api",
        "rev": "c583750b5899846cb455f3fe2d58b3ba9bc910d0",
        "type": "github"
      },
      "original": {
        "owner": "sheaf",
        "repo": "ghc-tcplugin-api",
        "type": "github"
      }
    },
    "ghc-typelits-extra": {
      "flake": false,
      "locked": {
        "lastModified": 1772595683,
        "narHash": "sha256-A+V1Z9wzZ8HnLuE9Ruayas41UAP/7tDdOMLpKwCtesI=",
        "owner": "clash-lang",
        "repo": "ghc-typelits-extra",
        "rev": "365a1f7b74ac2b1fa097bdba3fc2334cc81c5b22",
        "type": "github"
      },
      "original": {
        "owner": "clash-lang",
        "repo": "ghc-typelits-extra",
        "type": "github"
      }
    },
    "ghc-typelits-knownnat": {
      "flake": false,
      "locked": {
        "lastModified": 1770720963,
        "narHash": "sha256-WEg/zHixGjX/63QuSJGky6wFLhTr9aBl+atfch0W/EI=",
        "owner": "clash-lang",
        "repo": "ghc-typelits-knownnat",
        "rev": "dd44df6872232a62bfb6488f3fd9509d966b3e4e",
        "type": "github"
      },
      "original": {
        "owner": "clash-lang",
        "repo": "ghc-typelits-knownnat",
        "type": "github"
      }
    },
    "ghc-typelits-natnormalise": {
      "flake": false,
      "locked": {
        "lastModified": 1770930420,
        "narHash": "sha256-WvW2LTdcRw9Q+JShbufoFU+L3U5jQR11VTFb9MSM3Bc=",
        "owner": "clash-lang",
        "repo": "ghc-typelits-natnormalise",
        "rev": "c12c1b4405f466af4972ddc8f516c528c4f3ebc7",
        "type": "github"
      },
      "original": {
        "owner": "clash-lang",
        "repo": "ghc-typelits-natnormalise",
        "type": "github"
      }
    },
    "ghc-typelits-proof-assist": {
      "inputs": {
        "flake-utils": "flake-utils_3",
        "nixpkgs": "nixpkgs_2"
      },
      "locked": {
        "lastModified": 1771271490,
        "narHash": "sha256-c+nMU3q1ISjvzwig//znUAmd8VfTRftUbx4XSOT1buU=",
        "owner": "clash-lang",
        "repo": "ghc-typelits-proof-assist",
        "rev": "815587778f6375f4a9df74be8c63615300c5c26c",
        "type": "github"
      },
      "original": {
        "owner": "clash-lang",
        "repo": "ghc-typelits-proof-assist",
        "type": "github"
      }
    },
    "nix-filter": {
      "locked": {
        "lastModified": 1757882181,
        "narHash": "sha256-+cCxYIh2UNalTz364p+QYmWHs0P+6wDhiWR4jDIKQIU=",
        "owner": "numtide",
        "repo": "nix-filter",
        "rev": "59c44d1909c72441144b93cf0f054be7fe764de5",
        "type": "github"
      },
      "original": {
        "owner": "numtide",
        "repo": "nix-filter",
        "type": "github"
      }
    },
    "nixpkgs": {
      "locked": {
        "lastModified": 1726583932,
        "narHash": "sha256-zACxiQx8knB3F8+Ze+1BpiYrI+CbhxyWpcSID9kVhkQ=",
        "owner": "NixOS",
        "repo": "nixpkgs",
        "rev": "658e7223191d2598641d50ee4e898126768fe847",
        "type": "github"
      },
      "original": {
        "owner": "NixOS",
        "ref": "nixpkgs-unstable",
        "repo": "nixpkgs",
        "type": "github"
      }
    },
    "nixpkgs_2": {
      "locked": {
        "lastModified": 1768875095,
        "narHash": "sha256-dYP3DjiL7oIiiq3H65tGIXXIT1Waiadmv93JS0sS+8A=",
        "owner": "NixOS",
        "repo": "nixpkgs",
        "rev": "ed142ab1b3a092c4d149245d0c4126a5d7ea00b0",
        "type": "github"
      },
      "original": {
        "owner": "NixOS",
        "ref": "nixpkgs-unstable",
        "repo": "nixpkgs",
        "type": "github"
      }
    },
    "nixpkgs_3": {
      "locked": {
        "lastModified": 1767364772,
        "narHash": "sha256-fFUnEYMla8b7UKjijLnMe+oVFOz6HjijGGNS1l7dYaQ=",
        "owner": "NixOS",
        "repo": "nixpkgs",
        "rev": "16c7794d0a28b5a37904d55bcca36003b9109aaa",
        "type": "github"
      },
      "original": {
        "owner": "NixOS",
        "ref": "nixpkgs-unstable",
        "repo": "nixpkgs",
        "type": "github"
      }
    },
    "root": {
      "inputs": {
        "clash-compiler": "clash-compiler",
        "ecpprog": "ecpprog",
        "flake-utils": "flake-utils_2",
        "ghc-tcplugin-api": "ghc-tcplugin-api",
        "ghc-typelits-extra": "ghc-typelits-extra",
        "ghc-typelits-knownnat": "ghc-typelits-knownnat",
        "ghc-typelits-natnormalise": "ghc-typelits-natnormalise",
        "ghc-typelits-proof-assist": "ghc-typelits-proof-assist",
        "nix-filter": "nix-filter",
        "nixpkgs": "nixpkgs_3"
      }
    },
    "systems": {
      "locked": {
        "lastModified": 1681028828,
        "narHash": "sha256-Vy1rq5AaRuLzOxct8nz4T6wlgyUR7zLU309k9mBC768=",
        "owner": "nix-systems",
        "repo": "default",
        "rev": "da67096a3b9bf56a91d16901293e51ba5b49a27e",
        "type": "github"
      },
      "original": {
        "owner": "nix-systems",
        "repo": "default",
        "type": "github"
      }
    },
    "systems_2": {
      "locked": {
        "lastModified": 1681028828,
        "narHash": "sha256-Vy1rq5AaRuLzOxct8nz4T6wlgyUR7zLU309k9mBC768=",
        "owner": "nix-systems",
        "repo": "default",
        "rev": "da67096a3b9bf56a91d16901293e51ba5b49a27e",
        "type": "github"
      },
      "original": {
        "owner": "nix-systems",
        "repo": "default",
        "type": "github"
      }
    },
    "systems_3": {
      "locked": {
        "lastModified": 1681028828,
        "narHash": "sha256-Vy1rq5AaRuLzOxct8nz4T6wlgyUR7zLU309k9mBC768=",
        "owner": "nix-systems",
        "repo": "default",
        "rev": "da67096a3b9bf56a91d16901293e51ba5b49a27e",
        "type": "github"
      },
      "original": {
        "owner": "nix-systems",
        "repo": "default",
        "type": "github"
      }
    }
  },
  "root": "root",
  "version": 7
}
